
Microsoft Visual Studio Solution File, Format Version 12.00
# Visual Studio Version 17
VisualStudioVersion = 17.2.32516.85
MinimumVisualStudioVersion = 10.0.40219.1
Project("{8BC9CEB8-8B4A-11D0-8D11-00A0C91BC942}") = "W13_SI5", "W13_SI5\W13_SI5.vcxproj", "{5429A2F0-0B2A-40A9-AEEC-61367FCC80C2}"
EndProject
Project("{8BC9CEB8-8B4A-11D0-8D11-00A0C91BC942}") = "Sample-Test1", "Sample-Test1\Sample-Test1.vcxproj", "{17862C45-6DB6-49BD-B31B-06CB76D469AE}"
EndProject
Global
	GlobalSection(SolutionConfigurationPlatforms) = preSolution
		Debug|x64 = Debug|x64
		Debug|x86 = Debug|x86
		Release|x64 = Release|x64
		Release|x86 = Release|x86
	EndGlobalSection
	GlobalSection(ProjectConfigurationPlatforms) = postSolution
		{5429A2F0-0B2A-40A9-AEEC-61367FCC80C2}.Debug|x64.ActiveCfg = Debug|x64
		{5429A2F0-0B2A-40A9-AEEC-61367FCC80C2}.Debug|x64.Build.0 = Debug|x64
		{5429A2F0-0B2A-40A9-AEEC-61367FCC80C2}.Debug|x86.ActiveCfg = Debug|Win32
		{5429A2F0-0B2A-40A9-AEEC-61367FCC80C2}.Debug|x86.Build.0 = Debug|Win32
		{5429A2F0-0B2A-40A9-AEEC-61367FCC80C2}.Release|x64.ActiveCfg = Release|x64
		{5429A2F0-0B2A-40A9-AEEC-61367FCC80C2}.Release|x64.Build.0 = Release|x64
		{5429A2F0-0B2A-40A9-AEEC-61367FCC80C2}.Release|x86.ActiveCfg = Release|Win32
		{5429A2F0-0B2A-40A9-AEEC-61367FCC80C2}.Release|x86.Build.0 = Release|Win32
		{17862C45-6DB6-49BD-B31B-06CB76D469AE}.Debug|x64.ActiveCfg = Debug|x64
		{17862C45-6DB6-49BD-B31B-06CB76D469AE}.Debug|x64.Build.0 = Debug|x64
		{17862C45-6DB6-49BD-B31B-06CB76D469AE}.Debug|x86.ActiveCfg = Debug|Win32
		{17862C45-6DB6-49BD-B31B-06CB76D469AE}.Debug|x86.Build.0 = Debug|Win32
		{17862C45-6DB6-49BD-B31B-06CB76D469AE}.Release|x64.ActiveCfg = Release|x64
		{17862C45-6DB6-49BD-B31B-06CB76D469AE}.Release|x64.Build.0 = Release|x64
		{17862C45-6DB6-49BD-B31B-06CB76D469AE}.Release|x86.ActiveCfg = Release|Win32
		{17862C45-6DB6-49BD-B31B-06CB76D469AE}.Release|x86.Build.0 = Release|Win32
	EndGlobalSection
	GlobalSection(SolutionProperties) = preSolution
		HideSolutionNode = FALSE
	EndGlobalSection
	GlobalSection(ExtensibilityGlobals) = postSolution
		SolutionGuid = {D6BB9C13-8135-4894-A9D5-314C0DC069F8}
	EndGlobalSection
EndGlobal
